
Microsoft Visual Studio Solution File, Format Version 12.00
# Visual Studio 14
VisualStudioVersion = 14.0.24720.0
MinimumVisualStudioVersion = 10.0.40219.1
Project("{FAE04EC0-301F-11D3-BF4B-00C04F79EFBC}") = "J-LearningSystem", "J-LearningSystem\J-LearningSystem.csproj", "{A905022F-D573-4799-A037-71F6D4D0206F}"
EndProject
Project("{FAE04EC0-301F-11D3-BF4B-00C04F79EFBC}") = "J-LearningSystem.Data", "J-LearningSystem.Data\J-LearningSystem.Data.csproj", "{F5B3FF39-5DB0-4629-8C3C-6F94C023047F}"
EndProject
Project("{FAE04EC0-301F-11D3-BF4B-00C04F79EFBC}") = "J-LearingSystem.Models", "J-LearingSystem.Models\J-LearingSystem.Models.csproj", "{56157A15-0208-472B-B538-68F91E35D316}"
EndProject
Project("{FAE04EC0-301F-11D3-BF4B-00C04F79EFBC}") = "J-LearningSystem.BL", "J-LearningSystem.BL\J-LearningSystem.BL.csproj", "{FD321E84-C0E0-47EE-808B-663DBF43308F}"
EndProject
Global
	GlobalSection(SolutionConfigurationPlatforms) = preSolution
		Debug|Any CPU = Debug|Any CPU
		Release|Any CPU = Release|Any CPU
	EndGlobalSection
	GlobalSection(ProjectConfigurationPlatforms) = postSolution
		{A905022F-D573-4799-A037-71F6D4D0206F}.Debug|Any CPU.ActiveCfg = Debug|Any CPU
		{A905022F-D573-4799-A037-71F6D4D0206F}.Debug|Any CPU.Build.0 = Debug|Any CPU
		{A905022F-D573-4799-A037-71F6D4D0206F}.Release|Any CPU.ActiveCfg = Release|Any CPU
		{A905022F-D573-4799-A037-71F6D4D0206F}.Release|Any CPU.Build.0 = Release|Any CPU
		{F5B3FF39-5DB0-4629-8C3C-6F94C023047F}.Debug|Any CPU.ActiveCfg = Debug|Any CPU
		{F5B3FF39-5DB0-4629-8C3C-6F94C023047F}.Debug|Any CPU.Build.0 = Debug|Any CPU
		{F5B3FF39-5DB0-4629-8C3C-6F94C023047F}.Release|Any CPU.ActiveCfg = Release|Any CPU
		{F5B3FF39-5DB0-4629-8C3C-6F94C023047F}.Release|Any CPU.Build.0 = Release|Any CPU
		{56157A15-0208-472B-B538-68F91E35D316}.Debug|Any CPU.ActiveCfg = Debug|Any CPU
		{56157A15-0208-472B-B538-68F91E35D316}.Debug|Any CPU.Build.0 = Debug|Any CPU
		{56157A15-0208-472B-B538-68F91E35D316}.Release|Any CPU.ActiveCfg = Release|Any CPU
		{56157A15-0208-472B-B538-68F91E35D316}.Release|Any CPU.Build.0 = Release|Any CPU
		{FD321E84-C0E0-47EE-808B-663DBF43308F}.Debug|Any CPU.ActiveCfg = Debug|Any CPU
		{FD321E84-C0E0-47EE-808B-663DBF43308F}.Debug|Any CPU.Build.0 = Debug|Any CPU
		{FD321E84-C0E0-47EE-808B-663DBF43308F}.Release|Any CPU.ActiveCfg = Release|Any CPU
		{FD321E84-C0E0-47EE-808B-663DBF43308F}.Release|Any CPU.Build.0 = Release|Any CPU
	EndGlobalSection
	GlobalSection(SolutionProperties) = preSolution
		HideSolutionNode = FALSE
	EndGlobalSection
EndGlobal
